
Microsoft Visual Studio Solution File, Format Version 12.00
# Visual Studio 15
VisualStudioVersion = 15.0.26430.16
MinimumVisualStudioVersion = 10.0.40219.1
Project("{FAE04EC0-301F-11D3-BF4B-00C04F79EFBC}") = "Uvodni", "ConsoleApp1\Uvodni.csproj", "{31F30331-D9D7-4529-9C4C-B096F2654F21}"
EndProject
Project("{FAE04EC0-301F-11D3-BF4B-00C04F79EFBC}") = "Zbroj", "Zbroj\Zbroj.csproj", "{C72F648D-610F-4C09-90AE-BB2DD90A29D2}"
EndProject
Project("{2150E333-8FDC-42A3-9474-1A3956D46DE8}") = "4.1_Uvod", "4.1_Uvod", "{1CD019B1-6628-4F9D-BE13-AA15FA2AD934}"
EndProject
Project("{FAE04EC0-301F-11D3-BF4B-00C04F79EFBC}") = "Hello", "Hello\Hello.csproj", "{D57B4D9F-C756-4E84-951D-2D56EDE879A7}"
EndProject
Project("{FAE04EC0-301F-11D3-BF4B-00C04F79EFBC}") = "IspisBrojeva", "IspisBrojeva\IspisBrojeva.csproj", "{0CA433EB-B30D-4A93-8401-EC2C8A5BE104}"
EndProject
Project("{2150E333-8FDC-42A3-9474-1A3956D46DE8}") = "5.1_varijable", "5.1_varijable", "{D4D349EF-58D4-4E04-88A2-35FFA5D2EABC}"
EndProject
Project("{FAE04EC0-301F-11D3-BF4B-00C04F79EFBC}") = "zbroj_razlika", "zbroj_razlika\zbroj_razlika.csproj", "{04799DD3-720C-4707-947F-C35FEB76F557}"
EndProject
Project("{2150E333-8FDC-42A3-9474-1A3956D46DE8}") = "5.2_Uvjetno_grananje", "5.2_Uvjetno_grananje", "{19D29F78-F7F0-4D00-8791-9EDF91AE03A6}"
EndProject
Project("{FAE04EC0-301F-11D3-BF4B-00C04F79EFBC}") = "if_primjer", "if_primjer\if_primjer.csproj", "{B115C56C-759C-4FE8-B30A-B5550F650228}"
EndProject
Project("{FAE04EC0-301F-11D3-BF4B-00C04F79EFBC}") = "primjer_5.2.1.2_pozitivan", "primjer_5.2.1.2_pozitivan\primjer_5.2.1.2_pozitivan.csproj", "{FA8A60FB-8C81-4682-8051-5777C41C9AF6}"
EndProject
Project("{FAE04EC0-301F-11D3-BF4B-00C04F79EFBC}") = "primjer_5.2.2.switch", "primjer_5.2.2.switch\primjer_5.2.2.switch.csproj", "{1C42CD6A-A00C-47DC-A9CE-D95B5EEE825F}"
EndProject
Project("{FAE04EC0-301F-11D3-BF4B-00C04F79EFBC}") = "5.2.3.exceptio_primjer", "5.2.3.exceptio_primjer\5.2.3.exceptio_primjer.csproj", "{F452E0A6-FCB3-4519-9F1B-F4E60F7081EB}"
EndProject
Project("{FAE04EC0-301F-11D3-BF4B-00C04F79EFBC}") = "5.2.3_veliki_broj", "5.2.3_veliki_broj\5.2.3_veliki_broj.csproj", "{DB50A5A4-5A5A-4C95-B3EC-38EBB17DA862}"
EndProject
Project("{FAE04EC0-301F-11D3-BF4B-00C04F79EFBC}") = "5.2.4X_znam", "5.2.4X_znam\5.2.4X_znam.csproj", "{5FEBDBA7-105B-468D-9728-FEDB5CF837C2}"
EndProject
Project("{FAE04EC0-301F-11D3-BF4B-00C04F79EFBC}") = "5.2.7_djeljiv_s_4", "5.2.7_djeljiv_s_4\5.2.7_djeljiv_s_4.csproj", "{7A8BB7AC-5964-47F2-9742-1B87911F86FA}"
EndProject
Project("{FAE04EC0-301F-11D3-BF4B-00C04F79EFBC}") = "5.2.9.cjelobrojno_djeljenje", "5.2.9.cjelobrojno_djeljenje\5.2.9.cjelobrojno_djeljenje.csproj", "{FC6AA3BC-1E2F-43B0-BFED-9A19C73EB4D5}"
EndProject
Project("{2150E333-8FDC-42A3-9474-1A3956D46DE8}") = "5.3_ciklicke_petlje", "5.3_ciklicke_petlje", "{5E3AC01F-93EA-4702-BF22-554CCD586169}"
EndProject
Project("{FAE04EC0-301F-11D3-BF4B-00C04F79EFBC}") = "Petlje_primjeri_for", "Petlje_primjeri\Petlje_primjeri_for.csproj", "{D577E4CF-C680-4621-AE2A-8FE8C4855644}"
EndProject
Project("{FAE04EC0-301F-11D3-BF4B-00C04F79EFBC}") = "Petlja_primjeri_while", "Petlja_primjeri_while\Petlja_primjeri_while.csproj", "{9625D979-261C-4547-85F4-114179A82E4B}"
EndProject
Project("{FAE04EC0-301F-11D3-BF4B-00C04F79EFBC}") = "5.3.4._faktorijel", "5.3.4._faktorijel\5.3.4._faktorijel.csproj", "{4E161358-FDB6-496C-80DA-FA3FFE0BB74A}"
EndProject
Global
	GlobalSection(SolutionConfigurationPlatforms) = preSolution
		Debug|Any CPU = Debug|Any CPU
		Release|Any CPU = Release|Any CPU
	EndGlobalSection
	GlobalSection(ProjectConfigurationPlatforms) = postSolution
		{31F30331-D9D7-4529-9C4C-B096F2654F21}.Debug|Any CPU.ActiveCfg = Debug|Any CPU
		{31F30331-D9D7-4529-9C4C-B096F2654F21}.Debug|Any CPU.Build.0 = Debug|Any CPU
		{31F30331-D9D7-4529-9C4C-B096F2654F21}.Release|Any CPU.ActiveCfg = Release|Any CPU
		{31F30331-D9D7-4529-9C4C-B096F2654F21}.Release|Any CPU.Build.0 = Release|Any CPU
		{C72F648D-610F-4C09-90AE-BB2DD90A29D2}.Debug|Any CPU.ActiveCfg = Debug|Any CPU
		{C72F648D-610F-4C09-90AE-BB2DD90A29D2}.Debug|Any CPU.Build.0 = Debug|Any CPU
		{C72F648D-610F-4C09-90AE-BB2DD90A29D2}.Release|Any CPU.ActiveCfg = Release|Any CPU
		{C72F648D-610F-4C09-90AE-BB2DD90A29D2}.Release|Any CPU.Build.0 = Release|Any CPU
		{D57B4D9F-C756-4E84-951D-2D56EDE879A7}.Debug|Any CPU.ActiveCfg = Debug|Any CPU
		{D57B4D9F-C756-4E84-951D-2D56EDE879A7}.Debug|Any CPU.Build.0 = Debug|Any CPU
		{D57B4D9F-C756-4E84-951D-2D56EDE879A7}.Release|Any CPU.ActiveCfg = Release|Any CPU
		{D57B4D9F-C756-4E84-951D-2D56EDE879A7}.Release|Any CPU.Build.0 = Release|Any CPU
		{0CA433EB-B30D-4A93-8401-EC2C8A5BE104}.Debug|Any CPU.ActiveCfg = Debug|Any CPU
		{0CA433EB-B30D-4A93-8401-EC2C8A5BE104}.Debug|Any CPU.Build.0 = Debug|Any CPU
		{0CA433EB-B30D-4A93-8401-EC2C8A5BE104}.Release|Any CPU.ActiveCfg = Release|Any CPU
		{0CA433EB-B30D-4A93-8401-EC2C8A5BE104}.Release|Any CPU.Build.0 = Release|Any CPU
		{04799DD3-720C-4707-947F-C35FEB76F557}.Debug|Any CPU.ActiveCfg = Debug|Any CPU
		{04799DD3-720C-4707-947F-C35FEB76F557}.Debug|Any CPU.Build.0 = Debug|Any CPU
		{04799DD3-720C-4707-947F-C35FEB76F557}.Release|Any CPU.ActiveCfg = Release|Any CPU
		{04799DD3-720C-4707-947F-C35FEB76F557}.Release|Any CPU.Build.0 = Release|Any CPU
		{B115C56C-759C-4FE8-B30A-B5550F650228}.Debug|Any CPU.ActiveCfg = Debug|Any CPU
		{B115C56C-759C-4FE8-B30A-B5550F650228}.Debug|Any CPU.Build.0 = Debug|Any CPU
		{B115C56C-759C-4FE8-B30A-B5550F650228}.Release|Any CPU.ActiveCfg = Release|Any CPU
		{B115C56C-759C-4FE8-B30A-B5550F650228}.Release|Any CPU.Build.0 = Release|Any CPU
		{FA8A60FB-8C81-4682-8051-5777C41C9AF6}.Debug|Any CPU.ActiveCfg = Debug|Any CPU
		{FA8A60FB-8C81-4682-8051-5777C41C9AF6}.Debug|Any CPU.Build.0 = Debug|Any CPU
		{FA8A60FB-8C81-4682-8051-5777C41C9AF6}.Release|Any CPU.ActiveCfg = Release|Any CPU
		{FA8A60FB-8C81-4682-8051-5777C41C9AF6}.Release|Any CPU.Build.0 = Release|Any CPU
		{1C42CD6A-A00C-47DC-A9CE-D95B5EEE825F}.Debug|Any CPU.ActiveCfg = Debug|Any CPU
		{1C42CD6A-A00C-47DC-A9CE-D95B5EEE825F}.Debug|Any CPU.Build.0 = Debug|Any CPU
		{1C42CD6A-A00C-47DC-A9CE-D95B5EEE825F}.Release|Any CPU.ActiveCfg = Release|Any CPU
		{1C42CD6A-A00C-47DC-A9CE-D95B5EEE825F}.Release|Any CPU.Build.0 = Release|Any CPU
		{F452E0A6-FCB3-4519-9F1B-F4E60F7081EB}.Debug|Any CPU.ActiveCfg = Debug|Any CPU
		{F452E0A6-FCB3-4519-9F1B-F4E60F7081EB}.Debug|Any CPU.Build.0 = Debug|Any CPU
		{F452E0A6-FCB3-4519-9F1B-F4E60F7081EB}.Release|Any CPU.ActiveCfg = Release|Any CPU
		{F452E0A6-FCB3-4519-9F1B-F4E60F7081EB}.Release|Any CPU.Build.0 = Release|Any CPU
		{DB50A5A4-5A5A-4C95-B3EC-38EBB17DA862}.Debug|Any CPU.ActiveCfg = Debug|Any CPU
		{DB50A5A4-5A5A-4C95-B3EC-38EBB17DA862}.Debug|Any CPU.Build.0 = Debug|Any CPU
		{DB50A5A4-5A5A-4C95-B3EC-38EBB17DA862}.Release|Any CPU.ActiveCfg = Release|Any CPU
		{DB50A5A4-5A5A-4C95-B3EC-38EBB17DA862}.Release|Any CPU.Build.0 = Release|Any CPU
		{5FEBDBA7-105B-468D-9728-FEDB5CF837C2}.Debug|Any CPU.ActiveCfg = Debug|Any CPU
		{5FEBDBA7-105B-468D-9728-FEDB5CF837C2}.Debug|Any CPU.Build.0 = Debug|Any CPU
		{5FEBDBA7-105B-468D-9728-FEDB5CF837C2}.Release|Any CPU.ActiveCfg = Release|Any CPU
		{5FEBDBA7-105B-468D-9728-FEDB5CF837C2}.Release|Any CPU.Build.0 = Release|Any CPU
		{7A8BB7AC-5964-47F2-9742-1B87911F86FA}.Debug|Any CPU.ActiveCfg = Debug|Any CPU
		{7A8BB7AC-5964-47F2-9742-1B87911F86FA}.Debug|Any CPU.Build.0 = Debug|Any CPU
		{7A8BB7AC-5964-47F2-9742-1B87911F86FA}.Release|Any CPU.ActiveCfg = Release|Any CPU
		{7A8BB7AC-5964-47F2-9742-1B87911F86FA}.Release|Any CPU.Build.0 = Release|Any CPU
		{FC6AA3BC-1E2F-43B0-BFED-9A19C73EB4D5}.Debug|Any CPU.ActiveCfg = Debug|Any CPU
		{FC6AA3BC-1E2F-43B0-BFED-9A19C73EB4D5}.Debug|Any CPU.Build.0 = Debug|Any CPU
		{FC6AA3BC-1E2F-43B0-BFED-9A19C73EB4D5}.Release|Any CPU.ActiveCfg = Release|Any CPU
		{FC6AA3BC-1E2F-43B0-BFED-9A19C73EB4D5}.Release|Any CPU.Build.0 = Release|Any CPU
		{D577E4CF-C680-4621-AE2A-8FE8C4855644}.Debug|Any CPU.ActiveCfg = Debug|Any CPU
		{D577E4CF-C680-4621-AE2A-8FE8C4855644}.Debug|Any CPU.Build.0 = Debug|Any CPU
		{D577E4CF-C680-4621-AE2A-8FE8C4855644}.Release|Any CPU.ActiveCfg = Release|Any CPU
		{D577E4CF-C680-4621-AE2A-8FE8C4855644}.Release|Any CPU.Build.0 = Release|Any CPU
		{9625D979-261C-4547-85F4-114179A82E4B}.Debug|Any CPU.ActiveCfg = Debug|Any CPU
		{9625D979-261C-4547-85F4-114179A82E4B}.Debug|Any CPU.Build.0 = Debug|Any CPU
		{9625D979-261C-4547-85F4-114179A82E4B}.Release|Any CPU.ActiveCfg = Release|Any CPU
		{9625D979-261C-4547-85F4-114179A82E4B}.Release|Any CPU.Build.0 = Release|Any CPU
		{4E161358-FDB6-496C-80DA-FA3FFE0BB74A}.Debug|Any CPU.ActiveCfg = Debug|Any CPU
		{4E161358-FDB6-496C-80DA-FA3FFE0BB74A}.Debug|Any CPU.Build.0 = Debug|Any CPU
		{4E161358-FDB6-496C-80DA-FA3FFE0BB74A}.Release|Any CPU.ActiveCfg = Release|Any CPU
		{4E161358-FDB6-496C-80DA-FA3FFE0BB74A}.Release|Any CPU.Build.0 = Release|Any CPU
	EndGlobalSection
	GlobalSection(SolutionProperties) = preSolution
		HideSolutionNode = FALSE
	EndGlobalSection
	GlobalSection(NestedProjects) = preSolution
		{D57B4D9F-C756-4E84-951D-2D56EDE879A7} = {1CD019B1-6628-4F9D-BE13-AA15FA2AD934}
		{0CA433EB-B30D-4A93-8401-EC2C8A5BE104} = {1CD019B1-6628-4F9D-BE13-AA15FA2AD934}
		{04799DD3-720C-4707-947F-C35FEB76F557} = {D4D349EF-58D4-4E04-88A2-35FFA5D2EABC}
		{B115C56C-759C-4FE8-B30A-B5550F650228} = {19D29F78-F7F0-4D00-8791-9EDF91AE03A6}
		{FA8A60FB-8C81-4682-8051-5777C41C9AF6} = {19D29F78-F7F0-4D00-8791-9EDF91AE03A6}
		{1C42CD6A-A00C-47DC-A9CE-D95B5EEE825F} = {19D29F78-F7F0-4D00-8791-9EDF91AE03A6}
		{F452E0A6-FCB3-4519-9F1B-F4E60F7081EB} = {19D29F78-F7F0-4D00-8791-9EDF91AE03A6}
		{DB50A5A4-5A5A-4C95-B3EC-38EBB17DA862} = {19D29F78-F7F0-4D00-8791-9EDF91AE03A6}
		{5FEBDBA7-105B-468D-9728-FEDB5CF837C2} = {19D29F78-F7F0-4D00-8791-9EDF91AE03A6}
		{7A8BB7AC-5964-47F2-9742-1B87911F86FA} = {19D29F78-F7F0-4D00-8791-9EDF91AE03A6}
		{FC6AA3BC-1E2F-43B0-BFED-9A19C73EB4D5} = {19D29F78-F7F0-4D00-8791-9EDF91AE03A6}
		{D577E4CF-C680-4621-AE2A-8FE8C4855644} = {5E3AC01F-93EA-4702-BF22-554CCD586169}
		{9625D979-261C-4547-85F4-114179A82E4B} = {5E3AC01F-93EA-4702-BF22-554CCD586169}
		{4E161358-FDB6-496C-80DA-FA3FFE0BB74A} = {5E3AC01F-93EA-4702-BF22-554CCD586169}
	EndGlobalSection
	GlobalSection(ExtensibilityGlobals) = postSolution
		SolutionGuid = {75EC4551-BDDA-44DC-B093-1C3F4BA400C8}
	EndGlobalSection
EndGlobal
