
Microsoft Visual Studio Solution File, Format Version 12.00
# Visual Studio 15
VisualStudioVersion = 15.0.26430.16
MinimumVisualStudioVersion = 10.0.40219.1
Project("{FAE04EC0-301F-11D3-BF4B-00C04F79EFBC}") = "Uvodni", "ConsoleApp1\Uvodni.csproj", "{31F30331-D9D7-4529-9C4C-B096F2654F21}"
EndProject
Project("{FAE04EC0-301F-11D3-BF4B-00C04F79EFBC}") = "Zbroj", "Zbroj\Zbroj.csproj", "{C72F648D-610F-4C09-90AE-BB2DD90A29D2}"
EndProject
Project("{2150E333-8FDC-42A3-9474-1A3956D46DE8}") = "4.1_Uvod", "4.1_Uvod", "{1CD019B1-6628-4F9D-BE13-AA15FA2AD934}"
EndProject
Project("{FAE04EC0-301F-11D3-BF4B-00C04F79EFBC}") = "Hello", "Hello\Hello.csproj", "{D57B4D9F-C756-4E84-951D-2D56EDE879A7}"
EndProject
Project("{FAE04EC0-301F-11D3-BF4B-00C04F79EFBC}") = "IspisBrojeva", "IspisBrojeva\IspisBrojeva.csproj", "{0CA433EB-B30D-4A93-8401-EC2C8A5BE104}"
EndProject
Project("{2150E333-8FDC-42A3-9474-1A3956D46DE8}") = "5.1_varijable", "5.1_varijable", "{D4D349EF-58D4-4E04-88A2-35FFA5D2EABC}"
EndProject
Project("{FAE04EC0-301F-11D3-BF4B-00C04F79EFBC}") = "zbroj_razlika", "zbroj_razlika\zbroj_razlika.csproj", "{04799DD3-720C-4707-947F-C35FEB76F557}"
EndProject
Project("{2150E333-8FDC-42A3-9474-1A3956D46DE8}") = "5.2_Uvjetno_grananje", "5.2_Uvjetno_grananje", "{19D29F78-F7F0-4D00-8791-9EDF91AE03A6}"
EndProject
Project("{FAE04EC0-301F-11D3-BF4B-00C04F79EFBC}") = "if_primjer", "if_primjer\if_primjer.csproj", "{B115C56C-759C-4FE8-B30A-B5550F650228}"
EndProject
Project("{FAE04EC0-301F-11D3-BF4B-00C04F79EFBC}") = "primjer_5.2.1.2_pozitivan", "primjer_5.2.1.2_pozitivan\primjer_5.2.1.2_pozitivan.csproj", "{FA8A60FB-8C81-4682-8051-5777C41C9AF6}"
EndProject
Project("{FAE04EC0-301F-11D3-BF4B-00C04F79EFBC}") = "primjer_5.2.2.switch", "primjer_5.2.2.switch\primjer_5.2.2.switch.csproj", "{1C42CD6A-A00C-47DC-A9CE-D95B5EEE825F}"
EndProject
Project("{FAE04EC0-301F-11D3-BF4B-00C04F79EFBC}") = "5.2.3.exceptio_primjer", "5.2.3.exceptio_primjer\5.2.3.exceptio_primjer.csproj", "{F452E0A6-FCB3-4519-9F1B-F4E60F7081EB}"
EndProject
Project("{FAE04EC0-301F-11D3-BF4B-00C04F79EFBC}") = "5.2.3_veliki_broj", "5.2.3_veliki_broj\5.2.3_veliki_broj.csproj", "{DB50A5A4-5A5A-4C95-B3EC-38EBB17DA862}"
EndProject
Project("{FAE04EC0-301F-11D3-BF4B-00C04F79EFBC}") = "5.2.4X_znam", "5.2.4X_znam\5.2.4X_znam.csproj", "{5FEBDBA7-105B-468D-9728-FEDB5CF837C2}"
EndProject
Project("{FAE04EC0-301F-11D3-BF4B-00C04F79EFBC}") = "5.2.7_djeljiv_s_4", "5.2.7_djeljiv_s_4\5.2.7_djeljiv_s_4.csproj", "{7A8BB7AC-5964-47F2-9742-1B87911F86FA}"
EndProject
Project("{FAE04EC0-301F-11D3-BF4B-00C04F79EFBC}") = "5.2.9.cjelobrojno_djeljenje", "5.2.9.cjelobrojno_djeljenje\5.2.9.cjelobrojno_djeljenje.csproj", "{FC6AA3BC-1E2F-43B0-BFED-9A19C73EB4D5}"
EndProject
Project("{2150E333-8FDC-42A3-9474-1A3956D46DE8}") = "5.3_ciklicke_petlje", "5.3_ciklicke_petlje", "{5E3AC01F-93EA-4702-BF22-554CCD586169}"
EndProject
Project("{FAE04EC0-301F-11D3-BF4B-00C04F79EFBC}") = "Petlje_primjeri_for", "Petlje_primjeri\Petlje_primjeri_for.csproj", "{D577E4CF-C680-4621-AE2A-8FE8C4855644}"
EndProject
Project("{FAE04EC0-301F-11D3-BF4B-00C04F79EFBC}") = "Petlja_primjeri_while", "Petlja_primjeri_while\Petlja_primjeri_while.csproj", "{9625D979-261C-4547-85F4-114179A82E4B}"
EndProject
Project("{FAE04EC0-301F-11D3-BF4B-00C04F79EFBC}") = "5.3.4._faktorijel", "5.3.4._faktorijel\5.3.4._faktorijel.csproj", "{4E161358-FDB6-496C-80DA-FA3FFE0BB74A}"
EndProject
Project("{FAE04EC0-301F-11D3-BF4B-00C04F79EFBC}") = "5.3.5_djeljivi_u _intervalu_plus_exception", "5.3.5_djeljivi_u _intervalu_plus_exception\5.3.5_djeljivi_u _intervalu_plus_exception.csproj", "{220BBFE6-D2FD-4B78-AA42-33D812A02EE5}"
EndProject
Project("{2150E333-8FDC-42A3-9474-1A3956D46DE8}") = "Solution Items", "Solution Items", "{A662F54B-D953-4B17-83D9-A31CF11CED60}"
	ProjectSection(SolutionItems) = preProject
		..\README.md = ..\README.md
	EndProjectSection
EndProject
Project("{FAE04EC0-301F-11D3-BF4B-00C04F79EFBC}") = "5.3.8_7-3_koliko", "5.3.8_7-3_koliko\5.3.8_7-3_koliko.csproj", "{D8F6E3DA-609A-4853-8BDC-478166B6E4ED}"
EndProject
Project("{FAE04EC0-301F-11D3-BF4B-00C04F79EFBC}") = "5.3.10_savrsen_broj", "5.3.10_savrsen_broj\5.3.10_savrsen_broj.csproj", "{A8710796-AF4F-41FB-B916-0FEEEBA135A1}"
EndProject
Project("{FAE04EC0-301F-11D3-BF4B-00C04F79EFBC}") = "5.3.12_suma_prosjek", "5.3.12_suma_prosjek\5.3.12_suma_prosjek.csproj", "{B436E9BD-407D-46B0-9AE6-AE9AB18D0C9B}"
EndProject
Project("{FAE04EC0-301F-11D3-BF4B-00C04F79EFBC}") = "5.3.14_neparni_brojevi", "5.3.14_neparni_brojevi\5.3.14_neparni_brojevi.csproj", "{07B599BF-541A-4A85-BE21-399E932B9DD6}"
EndProject
Project("{FAE04EC0-301F-11D3-BF4B-00C04F79EFBC}") = "5.3.16_potencije", "5.3.16_potencije\5.3.16_potencije.csproj", "{6593F678-959D-4D79-8C18-76F199E9A58E}"
EndProject
Project("{FAE04EC0-301F-11D3-BF4B-00C04F79EFBC}") = "5.3.18_unos_ocjene", "5.3.18_unos_ocjene\5.3.18_unos_ocjene.csproj", "{787D5754-07B8-46AA-8531-1FC8769F9DF5}"
EndProject
Project("{FAE04EC0-301F-11D3-BF4B-00C04F79EFBC}") = "5.3.20_par_nepar", "5.3.20_par_nepar\5.3.20_par_nepar.csproj", "{FD934CA0-ED6A-4E62-BD0B-3B275CB1F8E2}"
EndProject
Project("{FAE04EC0-301F-11D3-BF4B-00C04F79EFBC}") = "5.3.22_kalkulator_2", "5.3.22_kalkulator_2\5.3.22_kalkulator_2.csproj", "{3AE818D0-38EF-460B-96AE-5CF04D27943E}"
EndProject
Project("{2150E333-8FDC-42A3-9474-1A3956D46DE8}") = "6.1_nizovi", "6.1_nizovi", "{445BF89B-781D-4F4F-A9AD-A8352D45D42E}"
EndProject
Project("{FAE04EC0-301F-11D3-BF4B-00C04F79EFBC}") = "6.1.1_primjer", "6.1.1_primjer\6.1.1_primjer.csproj", "{FC5A32CE-D1F5-4752-B1B4-EC1D2E44DFD9}"
EndProject
Project("{FAE04EC0-301F-11D3-BF4B-00C04F79EFBC}") = "5.3.20_drugi_primjer", "5.3.20_drugi_primjer\5.3.20_drugi_primjer.csproj", "{569D1783-C270-4549-A624-D4F1B1F52988}"
EndProject
Project("{FAE04EC0-301F-11D3-BF4B-00C04F79EFBC}") = "5.3.18_ocjena_drugiput", "5.3.18_ocjena_drugiput\5.3.18_ocjena_drugiput.csproj", "{F2208D55-DDCC-4140-B831-332915A0301B}"
EndProject
Project("{FAE04EC0-301F-11D3-BF4B-00C04F79EFBC}") = "6.2.1.1_arraylist", "6.2.1.1_arraylist\6.2.1.1_arraylist.csproj", "{F1C557DD-DF28-4B57-92D6-CB384FCA0D01}"
EndProject
Project("{FAE04EC0-301F-11D3-BF4B-00C04F79EFBC}") = "6.1.2_max_niz", "6.1.2_max_niz\6.1.2_max_niz.csproj", "{2BFB63A2-887E-476B-B111-89BA82803BA8}"
EndProject
Project("{FAE04EC0-301F-11D3-BF4B-00C04F79EFBC}") = "6.2.2_primjer_exceptio", "6.2.2_primjer_exceptio\6.2.2_primjer_exceptio.csproj", "{0AD99F74-92C4-492B-BA14-7B98FFFC906B}"
EndProject
Project("{FAE04EC0-301F-11D3-BF4B-00C04F79EFBC}") = "6.2.3_generics", "6.2.3_generics\6.2.3_generics.csproj", "{99B72273-96E8-41FB-BD0F-AE5A95AF9557}"
EndProject
Project("{FAE04EC0-301F-11D3-BF4B-00C04F79EFBC}") = "6.2.2._zbirka_generic_par_nepar", "6.2.2._zbirka_generic_par_nepar\6.2.2._zbirka_generic_par_nepar.csproj", "{8EE8C2F8-AA65-4FA1-AABC-05259E710A3A}"
EndProject
Project("{FAE04EC0-301F-11D3-BF4B-00C04F79EFBC}") = "6.2.4_drugi_nacin", "6.2.4_drugi_nacin\6.2.4_drugi_nacin.csproj", "{308BEC62-C6E5-440A-A060-E828F231C22E}"
EndProject
Project("{FAE04EC0-301F-11D3-BF4B-00C04F79EFBC}") = "6.2.5_prosti_faktor", "6.2.5_prosti_faktor\6.2.5_prosti_faktor.csproj", "{85CECE36-88E8-4EB8-9566-B36530E423C2}"
EndProject
Project("{2150E333-8FDC-42A3-9474-1A3956D46DE8}") = "7.1 _procedure", "7.1 _procedure", "{F091A2B6-89D5-41AD-9EE1-EEC09D0EE607}"
EndProject
Project("{FAE04EC0-301F-11D3-BF4B-00C04F79EFBC}") = "7.2_potprogrami", "7.2_potprogrami\7.2_potprogrami.csproj", "{83D71946-9B44-46E2-821C-9A5C74517E71}"
EndProject
Project("{2150E333-8FDC-42A3-9474-1A3956D46DE8}") = "7.2_funkcije", "7.2_funkcije", "{1C43C517-E5E1-4BDE-B3C6-7D9187228C8D}"
EndProject
Project("{FAE04EC0-301F-11D3-BF4B-00C04F79EFBC}") = "7.2.1_krug", "7.2.1_krug\7.2.1_krug.csproj", "{D960E158-8734-44E4-AC87-09A625474E04}"
EndProject
Project("{FAE04EC0-301F-11D3-BF4B-00C04F79EFBC}") = "7.2.2._jednakokracan_trokut", "7.2.2._jednakokracan_trokut\7.2.2._jednakokracan_trokut.csproj", "{8F9DAACD-7DAC-4B1A-9CBF-A69DF51215E6}"
EndProject
Project("{FAE04EC0-301F-11D3-BF4B-00C04F79EFBC}") = "7.2.3_kw_ks", "7.2.3_kw_ks\7.2.3_kw_ks.csproj", "{93AB08CB-7902-41E8-8C1D-870A022F718B}"
EndProject
Project("{FAE04EC0-301F-11D3-BF4B-00C04F79EFBC}") = "7.2.4_fahr_2_cel", "7.2.4_fahr_2_cel\7.2.4_fahr_2_cel.csproj", "{B8892EA7-1286-4654-B90B-D4EE9591282C}"
EndProject
Project("{FAE04EC0-301F-11D3-BF4B-00C04F79EFBC}") = "7.2.6._prost", "7.2.6._prost\7.2.6._prost.csproj", "{0536085A-E550-4AF2-BED2-AC9B0095E8B5}"
EndProject
Project("{FAE04EC0-301F-11D3-BF4B-00C04F79EFBC}") = "7.2.7_prost_ponovo", "7.2.7_prost_ponovo\7.2.7_prost_ponovo.csproj", "{FC2FBC1A-BF4F-4EA7-A770-855B34304988}"
EndProject
Project("{FAE04EC0-301F-11D3-BF4B-00C04F79EFBC}") = "7.2.8_fakt", "7.2.8_fakt\7.2.8_fakt.csproj", "{27D08DEC-AE3B-46F6-94CB-8A86CC4EDC32}"
EndProject
Project("{FAE04EC0-301F-11D3-BF4B-00C04F79EFBC}") = "7.2.10_ukupna_cijena", "7.2.10_ukupna_cijena\7.2.10_ukupna_cijena.csproj", "{8F3019D7-4130-49E7-BA83-EBF9CF188417}"
EndProject
Project("{FAE04EC0-301F-11D3-BF4B-00C04F79EFBC}") = "8.1.2_Prirucnuik", "8.1.2_Prirucnuik\8.1.2_Prirucnuik.csproj", "{451D98C4-5D62-4F7A-A2F0-A386A3AC057A}"
EndProject
Project("{2150E333-8FDC-42A3-9474-1A3956D46DE8}") = "8.1_svojstva_metode", "8.1_svojstva_metode", "{49BCF314-C639-46AB-B4DA-B6382D59173F}"
EndProject
Project("{FAE04EC0-301F-11D3-BF4B-00C04F79EFBC}") = "8.1.1._proizvod", "8.1.1._proizvod\8.1.1._proizvod.csproj", "{E7828ED7-38E9-4D1F-802A-9805CCA71697}"
EndProject
Project("{FAE04EC0-301F-11D3-BF4B-00C04F79EFBC}") = "8.1.2_Automobil", "8.1.2_Automobil\8.1.2_Automobil.csproj", "{99D30BC7-38A0-4642-AAEA-F02657D9CF2C}"
EndProject
Project("{2150E333-8FDC-42A3-9474-1A3956D46DE8}") = "brisi", "brisi", "{78D39FE4-3B39-4617-A490-539C4B2C7029}"
	ProjectSection(SolutionItems) = preProject
		TextFile1.txt = TextFile1.txt
	EndProjectSection
EndProject
Project("{FAE04EC0-301F-11D3-BF4B-00C04F79EFBC}") = "8.1.3_zaposlenik", "8.1.3_zaposlenik\8.1.3_zaposlenik.csproj", "{37813424-F3C0-44E2-93A6-6022777E43EA}"
EndProject
Project("{2150E333-8FDC-42A3-9474-1A3956D46DE8}") = "8.2_doseg_varijabli", "8.2_doseg_varijabli", "{B446D33C-6D38-4148-A6CA-9F36F34D9F43}"
EndProject
Project("{FAE04EC0-301F-11D3-BF4B-00C04F79EFBC}") = "8.2.1_static", "8.2.1_static\8.2.1_static.csproj", "{7380B433-CD4E-4052-86B0-58F301AAA264}"
EndProject
Project("{FAE04EC0-301F-11D3-BF4B-00C04F79EFBC}") = "8.2.1_staticTests", "8.2.1_staticTests\8.2.1_staticTests.csproj", "{12F65AAA-F18F-4C7C-BAF5-7FF6876FB754}"
EndProject
Project("{FAE04EC0-301F-11D3-BF4B-00C04F79EFBC}") = "zadaca", "zadaca\zadaca.csproj", "{ED9A1403-208B-4384-8596-F41F51BE7CE8}"
EndProject
Project("{2150E333-8FDC-42A3-9474-1A3956D46DE8}") = "8.3_nasljedjivanje", "8.3_nasljedjivanje", "{8B55EECF-49E2-40DC-9369-1B22EF877F5A}"
EndProject
Project("{FAE04EC0-301F-11D3-BF4B-00C04F79EFBC}") = "8.3.1_nasljedjivanje", "8.3.1_nasljedjivanje\8.3.1_nasljedjivanje.csproj", "{66630635-0597-4A01-A475-F3330A23987F}"
EndProject
Project("{FAE04EC0-301F-11D3-BF4B-00C04F79EFBC}") = "BusinessLayer", "BusinessLayer\BusinessLayer.csproj", "{0B8CCD4C-A918-45FD-B46F-CF6904D0D8A3}"
EndProject
Project("{FAE04EC0-301F-11D3-BF4B-00C04F79EFBC}") = "Primjer_BusinessLayer", "Primjer_BussinessLayer\Primjer_BusinessLayer.csproj", "{AAC545C8-0392-495A-B0AA-7DA45FC2E8E6}"
EndProject
Project("{FAE04EC0-301F-11D3-BF4B-00C04F79EFBC}") = "Operateri", "Operateri\Operateri.csproj", "{60A592B4-AF7B-447F-9043-0B7E5EC2469E}"
EndProject
Project("{2150E333-8FDC-42A3-9474-1A3956D46DE8}") = "8.5_dogadjaji", "8.5_dogadjaji", "{15A1E730-236D-48EF-A786-E93F9C1FDE8B}"
EndProject
Project("{FAE04EC0-301F-11D3-BF4B-00C04F79EFBC}") = "8.5.1_eventi", "8.5.1_eventi\8.5.1_eventi.csproj", "{36CF50A0-BA08-43F6-A4CD-92C0587BFCF2}"
EndProject
Project("{2150E333-8FDC-42A3-9474-1A3956D46DE8}") = "9.1_rad_s_tekstom", "9.1_rad_s_tekstom", "{B26E452A-B350-4F13-B0B8-A96027850782}"
EndProject
Project("{FAE04EC0-301F-11D3-BF4B-00C04F79EFBC}") = "9.1.1_17_manipulacija", "9.1.1_17_manipulacija\9.1.1_17_manipulacija.csproj", "{43688305-CF07-45C2-8669-8DA68E436EB9}"
EndProject
Project("{2150E333-8FDC-42A3-9474-1A3956D46DE8}") = "10.1_datoteke", "10.1_datoteke", "{C217FD8B-15BA-4074-9A11-34EEE75FE387}"
EndProject
Project("{FAE04EC0-301F-11D3-BF4B-00C04F79EFBC}") = "10.1.1_datoteke", "10.1.1_datoteke\10.1.1_datoteke.csproj", "{4753886E-7074-4843-8443-22EECE03FB5C}"
EndProject
Global
	GlobalSection(SolutionConfigurationPlatforms) = preSolution
		Debug|Any CPU = Debug|Any CPU
		Release|Any CPU = Release|Any CPU
	EndGlobalSection
	GlobalSection(ProjectConfigurationPlatforms) = postSolution
		{31F30331-D9D7-4529-9C4C-B096F2654F21}.Debug|Any CPU.ActiveCfg = Debug|Any CPU
		{31F30331-D9D7-4529-9C4C-B096F2654F21}.Debug|Any CPU.Build.0 = Debug|Any CPU
		{31F30331-D9D7-4529-9C4C-B096F2654F21}.Release|Any CPU.ActiveCfg = Release|Any CPU
		{31F30331-D9D7-4529-9C4C-B096F2654F21}.Release|Any CPU.Build.0 = Release|Any CPU
		{C72F648D-610F-4C09-90AE-BB2DD90A29D2}.Debug|Any CPU.ActiveCfg = Debug|Any CPU
		{C72F648D-610F-4C09-90AE-BB2DD90A29D2}.Debug|Any CPU.Build.0 = Debug|Any CPU
		{C72F648D-610F-4C09-90AE-BB2DD90A29D2}.Release|Any CPU.ActiveCfg = Release|Any CPU
		{C72F648D-610F-4C09-90AE-BB2DD90A29D2}.Release|Any CPU.Build.0 = Release|Any CPU
		{D57B4D9F-C756-4E84-951D-2D56EDE879A7}.Debug|Any CPU.ActiveCfg = Debug|Any CPU
		{D57B4D9F-C756-4E84-951D-2D56EDE879A7}.Debug|Any CPU.Build.0 = Debug|Any CPU
		{D57B4D9F-C756-4E84-951D-2D56EDE879A7}.Release|Any CPU.ActiveCfg = Release|Any CPU
		{D57B4D9F-C756-4E84-951D-2D56EDE879A7}.Release|Any CPU.Build.0 = Release|Any CPU
		{0CA433EB-B30D-4A93-8401-EC2C8A5BE104}.Debug|Any CPU.ActiveCfg = Debug|Any CPU
		{0CA433EB-B30D-4A93-8401-EC2C8A5BE104}.Debug|Any CPU.Build.0 = Debug|Any CPU
		{0CA433EB-B30D-4A93-8401-EC2C8A5BE104}.Release|Any CPU.ActiveCfg = Release|Any CPU
		{0CA433EB-B30D-4A93-8401-EC2C8A5BE104}.Release|Any CPU.Build.0 = Release|Any CPU
		{04799DD3-720C-4707-947F-C35FEB76F557}.Debug|Any CPU.ActiveCfg = Debug|Any CPU
		{04799DD3-720C-4707-947F-C35FEB76F557}.Debug|Any CPU.Build.0 = Debug|Any CPU
		{04799DD3-720C-4707-947F-C35FEB76F557}.Release|Any CPU.ActiveCfg = Release|Any CPU
		{04799DD3-720C-4707-947F-C35FEB76F557}.Release|Any CPU.Build.0 = Release|Any CPU
		{B115C56C-759C-4FE8-B30A-B5550F650228}.Debug|Any CPU.ActiveCfg = Debug|Any CPU
		{B115C56C-759C-4FE8-B30A-B5550F650228}.Debug|Any CPU.Build.0 = Debug|Any CPU
		{B115C56C-759C-4FE8-B30A-B5550F650228}.Release|Any CPU.ActiveCfg = Release|Any CPU
		{B115C56C-759C-4FE8-B30A-B5550F650228}.Release|Any CPU.Build.0 = Release|Any CPU
		{FA8A60FB-8C81-4682-8051-5777C41C9AF6}.Debug|Any CPU.ActiveCfg = Debug|Any CPU
		{FA8A60FB-8C81-4682-8051-5777C41C9AF6}.Debug|Any CPU.Build.0 = Debug|Any CPU
		{FA8A60FB-8C81-4682-8051-5777C41C9AF6}.Release|Any CPU.ActiveCfg = Release|Any CPU
		{FA8A60FB-8C81-4682-8051-5777C41C9AF6}.Release|Any CPU.Build.0 = Release|Any CPU
		{1C42CD6A-A00C-47DC-A9CE-D95B5EEE825F}.Debug|Any CPU.ActiveCfg = Debug|Any CPU
		{1C42CD6A-A00C-47DC-A9CE-D95B5EEE825F}.Debug|Any CPU.Build.0 = Debug|Any CPU
		{1C42CD6A-A00C-47DC-A9CE-D95B5EEE825F}.Release|Any CPU.ActiveCfg = Release|Any CPU
		{1C42CD6A-A00C-47DC-A9CE-D95B5EEE825F}.Release|Any CPU.Build.0 = Release|Any CPU
		{F452E0A6-FCB3-4519-9F1B-F4E60F7081EB}.Debug|Any CPU.ActiveCfg = Debug|Any CPU
		{F452E0A6-FCB3-4519-9F1B-F4E60F7081EB}.Debug|Any CPU.Build.0 = Debug|Any CPU
		{F452E0A6-FCB3-4519-9F1B-F4E60F7081EB}.Release|Any CPU.ActiveCfg = Release|Any CPU
		{F452E0A6-FCB3-4519-9F1B-F4E60F7081EB}.Release|Any CPU.Build.0 = Release|Any CPU
		{DB50A5A4-5A5A-4C95-B3EC-38EBB17DA862}.Debug|Any CPU.ActiveCfg = Debug|Any CPU
		{DB50A5A4-5A5A-4C95-B3EC-38EBB17DA862}.Debug|Any CPU.Build.0 = Debug|Any CPU
		{DB50A5A4-5A5A-4C95-B3EC-38EBB17DA862}.Release|Any CPU.ActiveCfg = Release|Any CPU
		{DB50A5A4-5A5A-4C95-B3EC-38EBB17DA862}.Release|Any CPU.Build.0 = Release|Any CPU
		{5FEBDBA7-105B-468D-9728-FEDB5CF837C2}.Debug|Any CPU.ActiveCfg = Debug|Any CPU
		{5FEBDBA7-105B-468D-9728-FEDB5CF837C2}.Debug|Any CPU.Build.0 = Debug|Any CPU
		{5FEBDBA7-105B-468D-9728-FEDB5CF837C2}.Release|Any CPU.ActiveCfg = Release|Any CPU
		{5FEBDBA7-105B-468D-9728-FEDB5CF837C2}.Release|Any CPU.Build.0 = Release|Any CPU
		{7A8BB7AC-5964-47F2-9742-1B87911F86FA}.Debug|Any CPU.ActiveCfg = Debug|Any CPU
		{7A8BB7AC-5964-47F2-9742-1B87911F86FA}.Debug|Any CPU.Build.0 = Debug|Any CPU
		{7A8BB7AC-5964-47F2-9742-1B87911F86FA}.Release|Any CPU.ActiveCfg = Release|Any CPU
		{7A8BB7AC-5964-47F2-9742-1B87911F86FA}.Release|Any CPU.Build.0 = Release|Any CPU
		{FC6AA3BC-1E2F-43B0-BFED-9A19C73EB4D5}.Debug|Any CPU.ActiveCfg = Debug|Any CPU
		{FC6AA3BC-1E2F-43B0-BFED-9A19C73EB4D5}.Debug|Any CPU.Build.0 = Debug|Any CPU
		{FC6AA3BC-1E2F-43B0-BFED-9A19C73EB4D5}.Release|Any CPU.ActiveCfg = Release|Any CPU
		{FC6AA3BC-1E2F-43B0-BFED-9A19C73EB4D5}.Release|Any CPU.Build.0 = Release|Any CPU
		{D577E4CF-C680-4621-AE2A-8FE8C4855644}.Debug|Any CPU.ActiveCfg = Debug|Any CPU
		{D577E4CF-C680-4621-AE2A-8FE8C4855644}.Debug|Any CPU.Build.0 = Debug|Any CPU
		{D577E4CF-C680-4621-AE2A-8FE8C4855644}.Release|Any CPU.ActiveCfg = Release|Any CPU
		{D577E4CF-C680-4621-AE2A-8FE8C4855644}.Release|Any CPU.Build.0 = Release|Any CPU
		{9625D979-261C-4547-85F4-114179A82E4B}.Debug|Any CPU.ActiveCfg = Debug|Any CPU
		{9625D979-261C-4547-85F4-114179A82E4B}.Debug|Any CPU.Build.0 = Debug|Any CPU
		{9625D979-261C-4547-85F4-114179A82E4B}.Release|Any CPU.ActiveCfg = Release|Any CPU
		{9625D979-261C-4547-85F4-114179A82E4B}.Release|Any CPU.Build.0 = Release|Any CPU
		{4E161358-FDB6-496C-80DA-FA3FFE0BB74A}.Debug|Any CPU.ActiveCfg = Debug|Any CPU
		{4E161358-FDB6-496C-80DA-FA3FFE0BB74A}.Debug|Any CPU.Build.0 = Debug|Any CPU
		{4E161358-FDB6-496C-80DA-FA3FFE0BB74A}.Release|Any CPU.ActiveCfg = Release|Any CPU
		{4E161358-FDB6-496C-80DA-FA3FFE0BB74A}.Release|Any CPU.Build.0 = Release|Any CPU
		{220BBFE6-D2FD-4B78-AA42-33D812A02EE5}.Debug|Any CPU.ActiveCfg = Debug|Any CPU
		{220BBFE6-D2FD-4B78-AA42-33D812A02EE5}.Debug|Any CPU.Build.0 = Debug|Any CPU
		{220BBFE6-D2FD-4B78-AA42-33D812A02EE5}.Release|Any CPU.ActiveCfg = Release|Any CPU
		{220BBFE6-D2FD-4B78-AA42-33D812A02EE5}.Release|Any CPU.Build.0 = Release|Any CPU
		{D8F6E3DA-609A-4853-8BDC-478166B6E4ED}.Debug|Any CPU.ActiveCfg = Debug|Any CPU
		{D8F6E3DA-609A-4853-8BDC-478166B6E4ED}.Debug|Any CPU.Build.0 = Debug|Any CPU
		{D8F6E3DA-609A-4853-8BDC-478166B6E4ED}.Release|Any CPU.ActiveCfg = Release|Any CPU
		{D8F6E3DA-609A-4853-8BDC-478166B6E4ED}.Release|Any CPU.Build.0 = Release|Any CPU
		{A8710796-AF4F-41FB-B916-0FEEEBA135A1}.Debug|Any CPU.ActiveCfg = Debug|Any CPU
		{A8710796-AF4F-41FB-B916-0FEEEBA135A1}.Debug|Any CPU.Build.0 = Debug|Any CPU
		{A8710796-AF4F-41FB-B916-0FEEEBA135A1}.Release|Any CPU.ActiveCfg = Release|Any CPU
		{A8710796-AF4F-41FB-B916-0FEEEBA135A1}.Release|Any CPU.Build.0 = Release|Any CPU
		{B436E9BD-407D-46B0-9AE6-AE9AB18D0C9B}.Debug|Any CPU.ActiveCfg = Debug|Any CPU
		{B436E9BD-407D-46B0-9AE6-AE9AB18D0C9B}.Debug|Any CPU.Build.0 = Debug|Any CPU
		{B436E9BD-407D-46B0-9AE6-AE9AB18D0C9B}.Release|Any CPU.ActiveCfg = Release|Any CPU
		{B436E9BD-407D-46B0-9AE6-AE9AB18D0C9B}.Release|Any CPU.Build.0 = Release|Any CPU
		{07B599BF-541A-4A85-BE21-399E932B9DD6}.Debug|Any CPU.ActiveCfg = Debug|Any CPU
		{07B599BF-541A-4A85-BE21-399E932B9DD6}.Debug|Any CPU.Build.0 = Debug|Any CPU
		{07B599BF-541A-4A85-BE21-399E932B9DD6}.Release|Any CPU.ActiveCfg = Release|Any CPU
		{07B599BF-541A-4A85-BE21-399E932B9DD6}.Release|Any CPU.Build.0 = Release|Any CPU
		{6593F678-959D-4D79-8C18-76F199E9A58E}.Debug|Any CPU.ActiveCfg = Debug|Any CPU
		{6593F678-959D-4D79-8C18-76F199E9A58E}.Debug|Any CPU.Build.0 = Debug|Any CPU
		{6593F678-959D-4D79-8C18-76F199E9A58E}.Release|Any CPU.ActiveCfg = Release|Any CPU
		{6593F678-959D-4D79-8C18-76F199E9A58E}.Release|Any CPU.Build.0 = Release|Any CPU
		{787D5754-07B8-46AA-8531-1FC8769F9DF5}.Debug|Any CPU.ActiveCfg = Debug|Any CPU
		{787D5754-07B8-46AA-8531-1FC8769F9DF5}.Debug|Any CPU.Build.0 = Debug|Any CPU
		{787D5754-07B8-46AA-8531-1FC8769F9DF5}.Release|Any CPU.ActiveCfg = Release|Any CPU
		{787D5754-07B8-46AA-8531-1FC8769F9DF5}.Release|Any CPU.Build.0 = Release|Any CPU
		{FD934CA0-ED6A-4E62-BD0B-3B275CB1F8E2}.Debug|Any CPU.ActiveCfg = Debug|Any CPU
		{FD934CA0-ED6A-4E62-BD0B-3B275CB1F8E2}.Debug|Any CPU.Build.0 = Debug|Any CPU
		{FD934CA0-ED6A-4E62-BD0B-3B275CB1F8E2}.Release|Any CPU.ActiveCfg = Release|Any CPU
		{FD934CA0-ED6A-4E62-BD0B-3B275CB1F8E2}.Release|Any CPU.Build.0 = Release|Any CPU
		{3AE818D0-38EF-460B-96AE-5CF04D27943E}.Debug|Any CPU.ActiveCfg = Debug|Any CPU
		{3AE818D0-38EF-460B-96AE-5CF04D27943E}.Debug|Any CPU.Build.0 = Debug|Any CPU
		{3AE818D0-38EF-460B-96AE-5CF04D27943E}.Release|Any CPU.ActiveCfg = Release|Any CPU
		{3AE818D0-38EF-460B-96AE-5CF04D27943E}.Release|Any CPU.Build.0 = Release|Any CPU
		{FC5A32CE-D1F5-4752-B1B4-EC1D2E44DFD9}.Debug|Any CPU.ActiveCfg = Debug|Any CPU
		{FC5A32CE-D1F5-4752-B1B4-EC1D2E44DFD9}.Debug|Any CPU.Build.0 = Debug|Any CPU
		{FC5A32CE-D1F5-4752-B1B4-EC1D2E44DFD9}.Release|Any CPU.ActiveCfg = Release|Any CPU
		{FC5A32CE-D1F5-4752-B1B4-EC1D2E44DFD9}.Release|Any CPU.Build.0 = Release|Any CPU
		{569D1783-C270-4549-A624-D4F1B1F52988}.Debug|Any CPU.ActiveCfg = Debug|Any CPU
		{569D1783-C270-4549-A624-D4F1B1F52988}.Debug|Any CPU.Build.0 = Debug|Any CPU
		{569D1783-C270-4549-A624-D4F1B1F52988}.Release|Any CPU.ActiveCfg = Release|Any CPU
		{569D1783-C270-4549-A624-D4F1B1F52988}.Release|Any CPU.Build.0 = Release|Any CPU
		{F2208D55-DDCC-4140-B831-332915A0301B}.Debug|Any CPU.ActiveCfg = Debug|Any CPU
		{F2208D55-DDCC-4140-B831-332915A0301B}.Debug|Any CPU.Build.0 = Debug|Any CPU
		{F2208D55-DDCC-4140-B831-332915A0301B}.Release|Any CPU.ActiveCfg = Release|Any CPU
		{F2208D55-DDCC-4140-B831-332915A0301B}.Release|Any CPU.Build.0 = Release|Any CPU
		{F1C557DD-DF28-4B57-92D6-CB384FCA0D01}.Debug|Any CPU.ActiveCfg = Debug|Any CPU
		{F1C557DD-DF28-4B57-92D6-CB384FCA0D01}.Debug|Any CPU.Build.0 = Debug|Any CPU
		{F1C557DD-DF28-4B57-92D6-CB384FCA0D01}.Release|Any CPU.ActiveCfg = Release|Any CPU
		{F1C557DD-DF28-4B57-92D6-CB384FCA0D01}.Release|Any CPU.Build.0 = Release|Any CPU
		{2BFB63A2-887E-476B-B111-89BA82803BA8}.Debug|Any CPU.ActiveCfg = Debug|Any CPU
		{2BFB63A2-887E-476B-B111-89BA82803BA8}.Debug|Any CPU.Build.0 = Debug|Any CPU
		{2BFB63A2-887E-476B-B111-89BA82803BA8}.Release|Any CPU.ActiveCfg = Release|Any CPU
		{2BFB63A2-887E-476B-B111-89BA82803BA8}.Release|Any CPU.Build.0 = Release|Any CPU
		{0AD99F74-92C4-492B-BA14-7B98FFFC906B}.Debug|Any CPU.ActiveCfg = Debug|Any CPU
		{0AD99F74-92C4-492B-BA14-7B98FFFC906B}.Debug|Any CPU.Build.0 = Debug|Any CPU
		{0AD99F74-92C4-492B-BA14-7B98FFFC906B}.Release|Any CPU.ActiveCfg = Release|Any CPU
		{0AD99F74-92C4-492B-BA14-7B98FFFC906B}.Release|Any CPU.Build.0 = Release|Any CPU
		{99B72273-96E8-41FB-BD0F-AE5A95AF9557}.Debug|Any CPU.ActiveCfg = Debug|Any CPU
		{99B72273-96E8-41FB-BD0F-AE5A95AF9557}.Debug|Any CPU.Build.0 = Debug|Any CPU
		{99B72273-96E8-41FB-BD0F-AE5A95AF9557}.Release|Any CPU.ActiveCfg = Release|Any CPU
		{99B72273-96E8-41FB-BD0F-AE5A95AF9557}.Release|Any CPU.Build.0 = Release|Any CPU
		{8EE8C2F8-AA65-4FA1-AABC-05259E710A3A}.Debug|Any CPU.ActiveCfg = Debug|Any CPU
		{8EE8C2F8-AA65-4FA1-AABC-05259E710A3A}.Debug|Any CPU.Build.0 = Debug|Any CPU
		{8EE8C2F8-AA65-4FA1-AABC-05259E710A3A}.Release|Any CPU.ActiveCfg = Release|Any CPU
		{8EE8C2F8-AA65-4FA1-AABC-05259E710A3A}.Release|Any CPU.Build.0 = Release|Any CPU
		{308BEC62-C6E5-440A-A060-E828F231C22E}.Debug|Any CPU.ActiveCfg = Debug|Any CPU
		{308BEC62-C6E5-440A-A060-E828F231C22E}.Debug|Any CPU.Build.0 = Debug|Any CPU
		{308BEC62-C6E5-440A-A060-E828F231C22E}.Release|Any CPU.ActiveCfg = Release|Any CPU
		{308BEC62-C6E5-440A-A060-E828F231C22E}.Release|Any CPU.Build.0 = Release|Any CPU
		{85CECE36-88E8-4EB8-9566-B36530E423C2}.Debug|Any CPU.ActiveCfg = Debug|Any CPU
		{85CECE36-88E8-4EB8-9566-B36530E423C2}.Debug|Any CPU.Build.0 = Debug|Any CPU
		{85CECE36-88E8-4EB8-9566-B36530E423C2}.Release|Any CPU.ActiveCfg = Release|Any CPU
		{85CECE36-88E8-4EB8-9566-B36530E423C2}.Release|Any CPU.Build.0 = Release|Any CPU
		{83D71946-9B44-46E2-821C-9A5C74517E71}.Debug|Any CPU.ActiveCfg = Debug|Any CPU
		{83D71946-9B44-46E2-821C-9A5C74517E71}.Debug|Any CPU.Build.0 = Debug|Any CPU
		{83D71946-9B44-46E2-821C-9A5C74517E71}.Release|Any CPU.ActiveCfg = Release|Any CPU
		{83D71946-9B44-46E2-821C-9A5C74517E71}.Release|Any CPU.Build.0 = Release|Any CPU
		{D960E158-8734-44E4-AC87-09A625474E04}.Debug|Any CPU.ActiveCfg = Debug|Any CPU
		{D960E158-8734-44E4-AC87-09A625474E04}.Debug|Any CPU.Build.0 = Debug|Any CPU
		{D960E158-8734-44E4-AC87-09A625474E04}.Release|Any CPU.ActiveCfg = Release|Any CPU
		{D960E158-8734-44E4-AC87-09A625474E04}.Release|Any CPU.Build.0 = Release|Any CPU
		{8F9DAACD-7DAC-4B1A-9CBF-A69DF51215E6}.Debug|Any CPU.ActiveCfg = Debug|Any CPU
		{8F9DAACD-7DAC-4B1A-9CBF-A69DF51215E6}.Debug|Any CPU.Build.0 = Debug|Any CPU
		{8F9DAACD-7DAC-4B1A-9CBF-A69DF51215E6}.Release|Any CPU.ActiveCfg = Release|Any CPU
		{8F9DAACD-7DAC-4B1A-9CBF-A69DF51215E6}.Release|Any CPU.Build.0 = Release|Any CPU
		{93AB08CB-7902-41E8-8C1D-870A022F718B}.Debug|Any CPU.ActiveCfg = Debug|Any CPU
		{93AB08CB-7902-41E8-8C1D-870A022F718B}.Debug|Any CPU.Build.0 = Debug|Any CPU
		{93AB08CB-7902-41E8-8C1D-870A022F718B}.Release|Any CPU.ActiveCfg = Release|Any CPU
		{93AB08CB-7902-41E8-8C1D-870A022F718B}.Release|Any CPU.Build.0 = Release|Any CPU
		{B8892EA7-1286-4654-B90B-D4EE9591282C}.Debug|Any CPU.ActiveCfg = Debug|Any CPU
		{B8892EA7-1286-4654-B90B-D4EE9591282C}.Debug|Any CPU.Build.0 = Debug|Any CPU
		{B8892EA7-1286-4654-B90B-D4EE9591282C}.Release|Any CPU.ActiveCfg = Release|Any CPU
		{B8892EA7-1286-4654-B90B-D4EE9591282C}.Release|Any CPU.Build.0 = Release|Any CPU
		{0536085A-E550-4AF2-BED2-AC9B0095E8B5}.Debug|Any CPU.ActiveCfg = Debug|Any CPU
		{0536085A-E550-4AF2-BED2-AC9B0095E8B5}.Debug|Any CPU.Build.0 = Debug|Any CPU
		{0536085A-E550-4AF2-BED2-AC9B0095E8B5}.Release|Any CPU.ActiveCfg = Release|Any CPU
		{0536085A-E550-4AF2-BED2-AC9B0095E8B5}.Release|Any CPU.Build.0 = Release|Any CPU
		{FC2FBC1A-BF4F-4EA7-A770-855B34304988}.Debug|Any CPU.ActiveCfg = Debug|Any CPU
		{FC2FBC1A-BF4F-4EA7-A770-855B34304988}.Debug|Any CPU.Build.0 = Debug|Any CPU
		{FC2FBC1A-BF4F-4EA7-A770-855B34304988}.Release|Any CPU.ActiveCfg = Release|Any CPU
		{FC2FBC1A-BF4F-4EA7-A770-855B34304988}.Release|Any CPU.Build.0 = Release|Any CPU
		{27D08DEC-AE3B-46F6-94CB-8A86CC4EDC32}.Debug|Any CPU.ActiveCfg = Debug|Any CPU
		{27D08DEC-AE3B-46F6-94CB-8A86CC4EDC32}.Debug|Any CPU.Build.0 = Debug|Any CPU
		{27D08DEC-AE3B-46F6-94CB-8A86CC4EDC32}.Release|Any CPU.ActiveCfg = Release|Any CPU
		{27D08DEC-AE3B-46F6-94CB-8A86CC4EDC32}.Release|Any CPU.Build.0 = Release|Any CPU
		{8F3019D7-4130-49E7-BA83-EBF9CF188417}.Debug|Any CPU.ActiveCfg = Debug|Any CPU
		{8F3019D7-4130-49E7-BA83-EBF9CF188417}.Debug|Any CPU.Build.0 = Debug|Any CPU
		{8F3019D7-4130-49E7-BA83-EBF9CF188417}.Release|Any CPU.ActiveCfg = Release|Any CPU
		{8F3019D7-4130-49E7-BA83-EBF9CF188417}.Release|Any CPU.Build.0 = Release|Any CPU
		{451D98C4-5D62-4F7A-A2F0-A386A3AC057A}.Debug|Any CPU.ActiveCfg = Debug|Any CPU
		{451D98C4-5D62-4F7A-A2F0-A386A3AC057A}.Debug|Any CPU.Build.0 = Debug|Any CPU
		{451D98C4-5D62-4F7A-A2F0-A386A3AC057A}.Release|Any CPU.ActiveCfg = Release|Any CPU
		{451D98C4-5D62-4F7A-A2F0-A386A3AC057A}.Release|Any CPU.Build.0 = Release|Any CPU
		{E7828ED7-38E9-4D1F-802A-9805CCA71697}.Debug|Any CPU.ActiveCfg = Debug|Any CPU
		{E7828ED7-38E9-4D1F-802A-9805CCA71697}.Debug|Any CPU.Build.0 = Debug|Any CPU
		{E7828ED7-38E9-4D1F-802A-9805CCA71697}.Release|Any CPU.ActiveCfg = Release|Any CPU
		{E7828ED7-38E9-4D1F-802A-9805CCA71697}.Release|Any CPU.Build.0 = Release|Any CPU
		{99D30BC7-38A0-4642-AAEA-F02657D9CF2C}.Debug|Any CPU.ActiveCfg = Debug|Any CPU
		{99D30BC7-38A0-4642-AAEA-F02657D9CF2C}.Debug|Any CPU.Build.0 = Debug|Any CPU
		{99D30BC7-38A0-4642-AAEA-F02657D9CF2C}.Release|Any CPU.ActiveCfg = Release|Any CPU
		{99D30BC7-38A0-4642-AAEA-F02657D9CF2C}.Release|Any CPU.Build.0 = Release|Any CPU
		{37813424-F3C0-44E2-93A6-6022777E43EA}.Debug|Any CPU.ActiveCfg = Debug|Any CPU
		{37813424-F3C0-44E2-93A6-6022777E43EA}.Debug|Any CPU.Build.0 = Debug|Any CPU
		{37813424-F3C0-44E2-93A6-6022777E43EA}.Release|Any CPU.ActiveCfg = Release|Any CPU
		{37813424-F3C0-44E2-93A6-6022777E43EA}.Release|Any CPU.Build.0 = Release|Any CPU
		{7380B433-CD4E-4052-86B0-58F301AAA264}.Debug|Any CPU.ActiveCfg = Debug|Any CPU
		{7380B433-CD4E-4052-86B0-58F301AAA264}.Debug|Any CPU.Build.0 = Debug|Any CPU
		{7380B433-CD4E-4052-86B0-58F301AAA264}.Release|Any CPU.ActiveCfg = Release|Any CPU
		{7380B433-CD4E-4052-86B0-58F301AAA264}.Release|Any CPU.Build.0 = Release|Any CPU
		{12F65AAA-F18F-4C7C-BAF5-7FF6876FB754}.Debug|Any CPU.ActiveCfg = Debug|Any CPU
		{12F65AAA-F18F-4C7C-BAF5-7FF6876FB754}.Debug|Any CPU.Build.0 = Debug|Any CPU
		{12F65AAA-F18F-4C7C-BAF5-7FF6876FB754}.Release|Any CPU.ActiveCfg = Release|Any CPU
		{12F65AAA-F18F-4C7C-BAF5-7FF6876FB754}.Release|Any CPU.Build.0 = Release|Any CPU
		{ED9A1403-208B-4384-8596-F41F51BE7CE8}.Debug|Any CPU.ActiveCfg = Debug|Any CPU
		{ED9A1403-208B-4384-8596-F41F51BE7CE8}.Debug|Any CPU.Build.0 = Debug|Any CPU
		{ED9A1403-208B-4384-8596-F41F51BE7CE8}.Release|Any CPU.ActiveCfg = Release|Any CPU
		{ED9A1403-208B-4384-8596-F41F51BE7CE8}.Release|Any CPU.Build.0 = Release|Any CPU
		{66630635-0597-4A01-A475-F3330A23987F}.Debug|Any CPU.ActiveCfg = Debug|Any CPU
		{66630635-0597-4A01-A475-F3330A23987F}.Debug|Any CPU.Build.0 = Debug|Any CPU
		{66630635-0597-4A01-A475-F3330A23987F}.Release|Any CPU.ActiveCfg = Release|Any CPU
		{66630635-0597-4A01-A475-F3330A23987F}.Release|Any CPU.Build.0 = Release|Any CPU
		{0B8CCD4C-A918-45FD-B46F-CF6904D0D8A3}.Debug|Any CPU.ActiveCfg = Debug|Any CPU
		{0B8CCD4C-A918-45FD-B46F-CF6904D0D8A3}.Debug|Any CPU.Build.0 = Debug|Any CPU
		{0B8CCD4C-A918-45FD-B46F-CF6904D0D8A3}.Release|Any CPU.ActiveCfg = Release|Any CPU
		{0B8CCD4C-A918-45FD-B46F-CF6904D0D8A3}.Release|Any CPU.Build.0 = Release|Any CPU
		{AAC545C8-0392-495A-B0AA-7DA45FC2E8E6}.Debug|Any CPU.ActiveCfg = Debug|Any CPU
		{AAC545C8-0392-495A-B0AA-7DA45FC2E8E6}.Debug|Any CPU.Build.0 = Debug|Any CPU
		{AAC545C8-0392-495A-B0AA-7DA45FC2E8E6}.Release|Any CPU.ActiveCfg = Release|Any CPU
		{AAC545C8-0392-495A-B0AA-7DA45FC2E8E6}.Release|Any CPU.Build.0 = Release|Any CPU
		{60A592B4-AF7B-447F-9043-0B7E5EC2469E}.Debug|Any CPU.ActiveCfg = Debug|Any CPU
		{60A592B4-AF7B-447F-9043-0B7E5EC2469E}.Debug|Any CPU.Build.0 = Debug|Any CPU
		{60A592B4-AF7B-447F-9043-0B7E5EC2469E}.Release|Any CPU.ActiveCfg = Release|Any CPU
		{60A592B4-AF7B-447F-9043-0B7E5EC2469E}.Release|Any CPU.Build.0 = Release|Any CPU
		{36CF50A0-BA08-43F6-A4CD-92C0587BFCF2}.Debug|Any CPU.ActiveCfg = Debug|Any CPU
		{36CF50A0-BA08-43F6-A4CD-92C0587BFCF2}.Debug|Any CPU.Build.0 = Debug|Any CPU
		{36CF50A0-BA08-43F6-A4CD-92C0587BFCF2}.Release|Any CPU.ActiveCfg = Release|Any CPU
		{36CF50A0-BA08-43F6-A4CD-92C0587BFCF2}.Release|Any CPU.Build.0 = Release|Any CPU
		{43688305-CF07-45C2-8669-8DA68E436EB9}.Debug|Any CPU.ActiveCfg = Debug|Any CPU
		{43688305-CF07-45C2-8669-8DA68E436EB9}.Debug|Any CPU.Build.0 = Debug|Any CPU
		{43688305-CF07-45C2-8669-8DA68E436EB9}.Release|Any CPU.ActiveCfg = Release|Any CPU
		{43688305-CF07-45C2-8669-8DA68E436EB9}.Release|Any CPU.Build.0 = Release|Any CPU
		{4753886E-7074-4843-8443-22EECE03FB5C}.Debug|Any CPU.ActiveCfg = Debug|Any CPU
		{4753886E-7074-4843-8443-22EECE03FB5C}.Debug|Any CPU.Build.0 = Debug|Any CPU
		{4753886E-7074-4843-8443-22EECE03FB5C}.Release|Any CPU.ActiveCfg = Release|Any CPU
		{4753886E-7074-4843-8443-22EECE03FB5C}.Release|Any CPU.Build.0 = Release|Any CPU
	EndGlobalSection
	GlobalSection(SolutionProperties) = preSolution
		HideSolutionNode = FALSE
	EndGlobalSection
	GlobalSection(NestedProjects) = preSolution
		{D57B4D9F-C756-4E84-951D-2D56EDE879A7} = {1CD019B1-6628-4F9D-BE13-AA15FA2AD934}
		{0CA433EB-B30D-4A93-8401-EC2C8A5BE104} = {1CD019B1-6628-4F9D-BE13-AA15FA2AD934}
		{04799DD3-720C-4707-947F-C35FEB76F557} = {D4D349EF-58D4-4E04-88A2-35FFA5D2EABC}
		{B115C56C-759C-4FE8-B30A-B5550F650228} = {19D29F78-F7F0-4D00-8791-9EDF91AE03A6}
		{FA8A60FB-8C81-4682-8051-5777C41C9AF6} = {19D29F78-F7F0-4D00-8791-9EDF91AE03A6}
		{1C42CD6A-A00C-47DC-A9CE-D95B5EEE825F} = {19D29F78-F7F0-4D00-8791-9EDF91AE03A6}
		{F452E0A6-FCB3-4519-9F1B-F4E60F7081EB} = {19D29F78-F7F0-4D00-8791-9EDF91AE03A6}
		{DB50A5A4-5A5A-4C95-B3EC-38EBB17DA862} = {19D29F78-F7F0-4D00-8791-9EDF91AE03A6}
		{5FEBDBA7-105B-468D-9728-FEDB5CF837C2} = {19D29F78-F7F0-4D00-8791-9EDF91AE03A6}
		{7A8BB7AC-5964-47F2-9742-1B87911F86FA} = {19D29F78-F7F0-4D00-8791-9EDF91AE03A6}
		{FC6AA3BC-1E2F-43B0-BFED-9A19C73EB4D5} = {19D29F78-F7F0-4D00-8791-9EDF91AE03A6}
		{D577E4CF-C680-4621-AE2A-8FE8C4855644} = {5E3AC01F-93EA-4702-BF22-554CCD586169}
		{9625D979-261C-4547-85F4-114179A82E4B} = {5E3AC01F-93EA-4702-BF22-554CCD586169}
		{4E161358-FDB6-496C-80DA-FA3FFE0BB74A} = {5E3AC01F-93EA-4702-BF22-554CCD586169}
		{220BBFE6-D2FD-4B78-AA42-33D812A02EE5} = {5E3AC01F-93EA-4702-BF22-554CCD586169}
		{D8F6E3DA-609A-4853-8BDC-478166B6E4ED} = {5E3AC01F-93EA-4702-BF22-554CCD586169}
		{A8710796-AF4F-41FB-B916-0FEEEBA135A1} = {5E3AC01F-93EA-4702-BF22-554CCD586169}
		{B436E9BD-407D-46B0-9AE6-AE9AB18D0C9B} = {5E3AC01F-93EA-4702-BF22-554CCD586169}
		{07B599BF-541A-4A85-BE21-399E932B9DD6} = {5E3AC01F-93EA-4702-BF22-554CCD586169}
		{6593F678-959D-4D79-8C18-76F199E9A58E} = {5E3AC01F-93EA-4702-BF22-554CCD586169}
		{787D5754-07B8-46AA-8531-1FC8769F9DF5} = {5E3AC01F-93EA-4702-BF22-554CCD586169}
		{FD934CA0-ED6A-4E62-BD0B-3B275CB1F8E2} = {5E3AC01F-93EA-4702-BF22-554CCD586169}
		{3AE818D0-38EF-460B-96AE-5CF04D27943E} = {5E3AC01F-93EA-4702-BF22-554CCD586169}
		{FC5A32CE-D1F5-4752-B1B4-EC1D2E44DFD9} = {445BF89B-781D-4F4F-A9AD-A8352D45D42E}
		{569D1783-C270-4549-A624-D4F1B1F52988} = {5E3AC01F-93EA-4702-BF22-554CCD586169}
		{F2208D55-DDCC-4140-B831-332915A0301B} = {5E3AC01F-93EA-4702-BF22-554CCD586169}
		{F1C557DD-DF28-4B57-92D6-CB384FCA0D01} = {445BF89B-781D-4F4F-A9AD-A8352D45D42E}
		{2BFB63A2-887E-476B-B111-89BA82803BA8} = {445BF89B-781D-4F4F-A9AD-A8352D45D42E}
		{0AD99F74-92C4-492B-BA14-7B98FFFC906B} = {445BF89B-781D-4F4F-A9AD-A8352D45D42E}
		{99B72273-96E8-41FB-BD0F-AE5A95AF9557} = {445BF89B-781D-4F4F-A9AD-A8352D45D42E}
		{8EE8C2F8-AA65-4FA1-AABC-05259E710A3A} = {445BF89B-781D-4F4F-A9AD-A8352D45D42E}
		{308BEC62-C6E5-440A-A060-E828F231C22E} = {445BF89B-781D-4F4F-A9AD-A8352D45D42E}
		{85CECE36-88E8-4EB8-9566-B36530E423C2} = {445BF89B-781D-4F4F-A9AD-A8352D45D42E}
		{83D71946-9B44-46E2-821C-9A5C74517E71} = {F091A2B6-89D5-41AD-9EE1-EEC09D0EE607}
		{D960E158-8734-44E4-AC87-09A625474E04} = {1C43C517-E5E1-4BDE-B3C6-7D9187228C8D}
		{8F9DAACD-7DAC-4B1A-9CBF-A69DF51215E6} = {1C43C517-E5E1-4BDE-B3C6-7D9187228C8D}
		{93AB08CB-7902-41E8-8C1D-870A022F718B} = {1C43C517-E5E1-4BDE-B3C6-7D9187228C8D}
		{B8892EA7-1286-4654-B90B-D4EE9591282C} = {1C43C517-E5E1-4BDE-B3C6-7D9187228C8D}
		{0536085A-E550-4AF2-BED2-AC9B0095E8B5} = {1C43C517-E5E1-4BDE-B3C6-7D9187228C8D}
		{FC2FBC1A-BF4F-4EA7-A770-855B34304988} = {1C43C517-E5E1-4BDE-B3C6-7D9187228C8D}
		{27D08DEC-AE3B-46F6-94CB-8A86CC4EDC32} = {1C43C517-E5E1-4BDE-B3C6-7D9187228C8D}
		{8F3019D7-4130-49E7-BA83-EBF9CF188417} = {1C43C517-E5E1-4BDE-B3C6-7D9187228C8D}
		{451D98C4-5D62-4F7A-A2F0-A386A3AC057A} = {49BCF314-C639-46AB-B4DA-B6382D59173F}
		{E7828ED7-38E9-4D1F-802A-9805CCA71697} = {49BCF314-C639-46AB-B4DA-B6382D59173F}
		{99D30BC7-38A0-4642-AAEA-F02657D9CF2C} = {49BCF314-C639-46AB-B4DA-B6382D59173F}
		{37813424-F3C0-44E2-93A6-6022777E43EA} = {49BCF314-C639-46AB-B4DA-B6382D59173F}
		{7380B433-CD4E-4052-86B0-58F301AAA264} = {B446D33C-6D38-4148-A6CA-9F36F34D9F43}
		{ED9A1403-208B-4384-8596-F41F51BE7CE8} = {B446D33C-6D38-4148-A6CA-9F36F34D9F43}
		{66630635-0597-4A01-A475-F3330A23987F} = {8B55EECF-49E2-40DC-9369-1B22EF877F5A}
		{0B8CCD4C-A918-45FD-B46F-CF6904D0D8A3} = {8B55EECF-49E2-40DC-9369-1B22EF877F5A}
		{AAC545C8-0392-495A-B0AA-7DA45FC2E8E6} = {8B55EECF-49E2-40DC-9369-1B22EF877F5A}
		{60A592B4-AF7B-447F-9043-0B7E5EC2469E} = {8B55EECF-49E2-40DC-9369-1B22EF877F5A}
		{36CF50A0-BA08-43F6-A4CD-92C0587BFCF2} = {15A1E730-236D-48EF-A786-E93F9C1FDE8B}
		{43688305-CF07-45C2-8669-8DA68E436EB9} = {B26E452A-B350-4F13-B0B8-A96027850782}
		{4753886E-7074-4843-8443-22EECE03FB5C} = {C217FD8B-15BA-4074-9A11-34EEE75FE387}
	EndGlobalSection
	GlobalSection(ExtensibilityGlobals) = postSolution
		SolutionGuid = {75EC4551-BDDA-44DC-B093-1C3F4BA400C8}
	EndGlobalSection
EndGlobal
